// !$*UTF8*$!
{
	archiveVersion = 1;
	classes = {
	};
	objectVersion = 50;
	objects = {

/* Begin PBXBuildFile section */
		FA3C753024655BC10095EDEF /* AppDelegate.swift in Sources */ = {isa = PBXBuildFile; fileRef = FA3C752F24655BC10095EDEF /* AppDelegate.swift */; };
		FA3C753224655BC10095EDEF /* SceneDelegate.swift in Sources */ = {isa = PBXBuildFile; fileRef = FA3C753124655BC10095EDEF /* SceneDelegate.swift */; };
		FA3C753424655BC10095EDEF /* ViewController.swift in Sources */ = {isa = PBXBuildFile; fileRef = FA3C753324655BC10095EDEF /* ViewController.swift */; };
		FA3C753724655BC10095EDEF /* Main.storyboard in Resources */ = {isa = PBXBuildFile; fileRef = FA3C753524655BC10095EDEF /* Main.storyboard */; };
		FA3C753924655BC70095EDEF /* Assets.xcassets in Resources */ = {isa = PBXBuildFile; fileRef = FA3C753824655BC70095EDEF /* Assets.xcassets */; };
		FA3C753C24655BC70095EDEF /* LaunchScreen.storyboard in Resources */ = {isa = PBXBuildFile; fileRef = FA3C753A24655BC70095EDEF /* LaunchScreen.storyboard */; };
		FA3C754724655BC80095EDEF /* CustomCameraTests.swift in Sources */ = {isa = PBXBuildFile; fileRef = FA3C754624655BC80095EDEF /* CustomCameraTests.swift */; };
		FA3C755224655BC80095EDEF /* CustomCameraUITests.swift in Sources */ = {isa = PBXBuildFile; fileRef = FA3C755124655BC80095EDEF /* CustomCameraUITests.swift */; };
/* End PBXBuildFile section */

/* Begin PBXContainerItemProxy section */
		FA3C754324655BC70095EDEF /* PBXContainerItemProxy */ = {
			isa = PBXContainerItemProxy;
			containerPortal = FA3C752424655BC00095EDEF /* Project object */;
			proxyType = 1;
			remoteGlobalIDString = FA3C752B24655BC10095EDEF;
			remoteInfo = CustomCamera;
		};
		FA3C754E24655BC80095EDEF /* PBXContainerItemProxy */ = {
			isa = PBXContainerItemProxy;
			containerPortal = FA3C752424655BC00095EDEF /* Project object */;
			proxyType = 1;
			remoteGlobalIDString = FA3C752B24655BC10095EDEF;
			remoteInfo = CustomCamera;
		};
/* End PBXContainerItemProxy section */

/* Begin PBXFileReference section */
		FA3C752C24655BC10095EDEF /* CustomCamera.app */ = {isa = PBXFileReference; explicitFileType = wrapper.application; includeInIndex = 0; path = CustomCamera.app; sourceTree = BUILT_PRODUCTS_DIR; };
		FA3C752F24655BC10095EDEF /* AppDelegate.swift */ = {isa = PBXFileReference; lastKnownFileType = sourcecode.swift; path = AppDelegate.swift; sourceTree = "<group>"; };
		FA3C753124655BC10095EDEF /* SceneDelegate.swift */ = {isa = PBXFileReference; lastKnownFileType = sourcecode.swift; path = SceneDelegate.swift; sourceTree = "<group>"; };
		FA3C753324655BC10095EDEF /* ViewController.swift */ = {isa = PBXFileReference; lastKnownFileType = sourcecode.swift; path = ViewController.swift; sourceTree = "<group>"; };
		FA3C753624655BC10095EDEF /* Base */ = {isa = PBXFileReference; lastKnownFileType = file.storyboard; name = Base; path = Base.lproj/Main.storyboard; sourceTree = "<group>"; };
		FA3C753824655BC70095EDEF /* Assets.xcassets */ = {isa = PBXFileReference; lastKnownFileType = folder.assetcatalog; path = Assets.xcassets; sourceTree = "<group>"; };
		FA3C753B24655BC70095EDEF /* Base */ = {isa = PBXFileReference; lastKnownFileType = file.storyboard; name = Base; path = Base.lproj/LaunchScreen.storyboard; sourceTree = "<group>"; };
		FA3C753D24655BC70095EDEF /* Info.plist */ = {isa = PBXFileReference; lastKnownFileType = text.plist.xml; path = Info.plist; sourceTree = "<group>"; };
		FA3C754224655BC70095EDEF /* CustomCameraTests.xctest */ = {isa = PBXFileReference; explicitFileType = wrapper.cfbundle; includeInIndex = 0; path = CustomCameraTests.xctest; sourceTree = BUILT_PRODUCTS_DIR; };
		FA3C754624655BC80095EDEF /* CustomCameraTests.swift */ = {isa = PBXFileReference; lastKnownFileType = sourcecode.swift; path = CustomCameraTests.swift; sourceTree = "<group>"; };
		FA3C754824655BC80095EDEF /* Info.plist */ = {isa = PBXFileReference; lastKnownFileType = text.plist.xml; path = Info.plist; sourceTree = "<group>"; };
		FA3C754D24655BC80095EDEF /* CustomCameraUITests.xctest */ = {isa = PBXFileReference; explicitFileType = wrapper.cfbundle; includeInIndex = 0; path = CustomCameraUITests.xctest; sourceTree = BUILT_PRODUCTS_DIR; };
		FA3C755124655BC80095EDEF /* CustomCameraUITests.swift */ = {isa = PBXFileReference; lastKnownFileType = sourcecode.swift; path = CustomCameraUITests.swift; sourceTree = "<group>"; };
		FA3C755324655BC80095EDEF /* Info.plist */ = {isa = PBXFileReference; lastKnownFileType = text.plist.xml; path = Info.plist; sourceTree = "<group>"; };
/* End PBXFileReference section */

/* Begin PBXFrameworksBuildPhase section */
		FA3C752924655BC10095EDEF /* Frameworks */ = {
			isa = PBXFrameworksBuildPhase;
			buildActionMask = 2147483647;
			files = (
			);
			runOnlyForDeploymentPostprocessing = 0;
		};
		FA3C753F24655BC70095EDEF /* Frameworks */ = {
			isa = PBXFrameworksBuildPhase;
			buildActionMask = 2147483647;
			files = (
			);
			runOnlyForDeploymentPostprocessing = 0;
		};
		FA3C754A24655BC80095EDEF /* Frameworks */ = {
			isa = PBXFrameworksBuildPhase;
			buildActionMask = 2147483647;
			files = (
			);
			runOnlyForDeploymentPostprocessing = 0;
		};
/* End PBXFrameworksBuildPhase section */

/* Begin PBXGroup section */
		FA3C752324655BC00095EDEF = {
			isa = PBXGroup;
			children = (
				FA3C752E24655BC10095EDEF /* CustomCamera */,
				FA3C754524655BC80095EDEF /* CustomCameraTests */,
				FA3C755024655BC80095EDEF /* CustomCameraUITests */,
				FA3C752D24655BC10095EDEF /* Products */,
			);
			sourceTree = "<group>";
		};
		FA3C752D24655BC10095EDEF /* Products */ = {
			isa = PBXGroup;
			children = (
				FA3C752C24655BC10095EDEF /* CustomCamera.app */,
				FA3C754224655BC70095EDEF /* CustomCameraTests.xctest */,
				FA3C754D24655BC80095EDEF /* CustomCameraUITests.xctest */,
			);
			name = Products;
			sourceTree = "<group>";
		};
		FA3C752E24655BC10095EDEF /* CustomCamera */ = {
			isa = PBXGroup;
			children = (
				FA3C752F24655BC10095EDEF /* AppDelegate.swift */,
				FA3C753124655BC10095EDEF /* SceneDelegate.swift */,
				FA3C753324655BC10095EDEF /* ViewController.swift */,
				FA3C753524655BC10095EDEF /* Main.storyboard */,
				FA3C753824655BC70095EDEF /* Assets.xcassets */,
				FA3C753A24655BC70095EDEF /* LaunchScreen.storyboard */,
				FA3C753D24655BC70095EDEF /* Info.plist */,
			);
			path = CustomCamera;
			sourceTree = "<group>";
		};
		FA3C754524655BC80095EDEF /* CustomCameraTests */ = {
			isa = PBXGroup;
			children = (
				FA3C754624655BC80095EDEF /* CustomCameraTests.swift */,
				FA3C754824655BC80095EDEF /* Info.plist */,
			);
			path = CustomCameraTests;
			sourceTree = "<group>";
		};
		FA3C755024655BC80095EDEF /* CustomCameraUITests */ = {
			isa = PBXGroup;
			children = (
				FA3C755124655BC80095EDEF /* CustomCameraUITests.swift */,
				FA3C755324655BC80095EDEF /* Info.plist */,
			);
			path = CustomCameraUITests;
			sourceTree = "<group>";
		};
/* End PBXGroup section */

/* Begin PBXNativeTarget section */
		FA3C752B24655BC10095EDEF /* CustomCamera */ = {
			isa = PBXNativeTarget;
			buildConfigurationList = FA3C755624655BC80095EDEF /* Build configuration list for PBXNativeTarget "CustomCamera" */;
			buildPhases = (
				FA3C752824655BC10095EDEF /* Sources */,
				FA3C752924655BC10095EDEF /* Frameworks */,
				FA3C752A24655BC10095EDEF /* Resources */,
			);
			buildRules = (
			);
			dependencies = (
			);
			name = CustomCamera;
			productName = CustomCamera;
			productReference = FA3C752C24655BC10095EDEF /* CustomCamera.app */;
			productType = "com.apple.product-type.application";
		};
		FA3C754124655BC70095EDEF /* CustomCameraTests */ = {
			isa = PBXNativeTarget;
			buildConfigurationList = FA3C755924655BC80095EDEF /* Build configuration list for PBXNativeTarget "CustomCameraTests" */;
			buildPhases = (
				FA3C753E24655BC70095EDEF /* Sources */,
				FA3C753F24655BC70095EDEF /* Frameworks */,
				FA3C754024655BC70095EDEF /* Resources */,
			);
			buildRules = (
			);
			dependencies = (
				FA3C754424655BC70095EDEF /* PBXTargetDependency */,
			);
			name = CustomCameraTests;
			productName = CustomCameraTests;
			productReference = FA3C754224655BC70095EDEF /* CustomCameraTests.xctest */;
			productType = "com.apple.product-type.bundle.unit-test";
		};
		FA3C754C24655BC80095EDEF /* CustomCameraUITests */ = {
			isa = PBXNativeTarget;
			buildConfigurationList = FA3C755C24655BC80095EDEF /* Build configuration list for PBXNativeTarget "CustomCameraUITests" */;
			buildPhases = (
				FA3C754924655BC80095EDEF /* Sources */,
				FA3C754A24655BC80095EDEF /* Frameworks */,
				FA3C754B24655BC80095EDEF /* Resources */,
			);
			buildRules = (
			);
			dependencies = (
				FA3C754F24655BC80095EDEF /* PBXTargetDependency */,
			);
			name = CustomCameraUITests;
			productName = CustomCameraUITests;
			productReference = FA3C754D24655BC80095EDEF /* CustomCameraUITests.xctest */;
			productType = "com.apple.product-type.bundle.ui-testing";
		};
/* End PBXNativeTarget section */

/* Begin PBXProject section */
		FA3C752424655BC00095EDEF /* Project object */ = {
			isa = PBXProject;
			attributes = {
				LastSwiftUpdateCheck = 1140;
				LastUpgradeCheck = 1140;
				ORGANIZATIONNAME = "Dev Shanghai";
				TargetAttributes = {
					FA3C752B24655BC10095EDEF = {
						CreatedOnToolsVersion = 11.4.1;
					};
					FA3C754124655BC70095EDEF = {
						CreatedOnToolsVersion = 11.4.1;
						TestTargetID = FA3C752B24655BC10095EDEF;
					};
					FA3C754C24655BC80095EDEF = {
						CreatedOnToolsVersion = 11.4.1;
						TestTargetID = FA3C752B24655BC10095EDEF;
					};
				};
			};
			buildConfigurationList = FA3C752724655BC00095EDEF /* Build configuration list for PBXProject "CustomCamera" */;
			compatibilityVersion = "Xcode 9.3";
			developmentRegion = en;
			hasScannedForEncodings = 0;
			knownRegions = (
				en,
				Base,
			);
			mainGroup = FA3C752324655BC00095EDEF;
			productRefGroup = FA3C752D24655BC10095EDEF /* Products */;
			projectDirPath = "";
			projectRoot = "";
			targets = (
				FA3C752B24655BC10095EDEF /* CustomCamera */,
				FA3C754124655BC70095EDEF /* CustomCameraTests */,
				FA3C754C24655BC80095EDEF /* CustomCameraUITests */,
			);
		};
/* End PBXProject section */

/* Begin PBXResourcesBuildPhase section */
		FA3C752A24655BC10095EDEF /* Resources */ = {
			isa = PBXResourcesBuildPhase;
			buildActionMask = 2147483647;
			files = (
				FA3C753C24655BC70095EDEF /* LaunchScreen.storyboard in Resources */,
				FA3C753924655BC70095EDEF /* Assets.xcassets in Resources */,
				FA3C753724655BC10095EDEF /* Main.storyboard in Resources */,
			);
			runOnlyForDeploymentPostprocessing = 0;
		};
		FA3C754024655BC70095EDEF /* Resources */ = {
			isa = PBXResourcesBuildPhase;
			buildActionMask = 2147483647;
			files = (
			);
			runOnlyForDeploymentPostprocessing = 0;
		};
		FA3C754B24655BC80095EDEF /* Resources */ = {
			isa = PBXResourcesBuildPhase;
			buildActionMask = 2147483647;
			files = (
			);
			runOnlyForDeploymentPostprocessing = 0;
		};
/* End PBXResourcesBuildPhase section */

/* Begin PBXSourcesBuildPhase section */
		FA3C752824655BC10095EDEF /* Sources */ = {
			isa = PBXSourcesBuildPhase;
			buildActionMask = 2147483647;
			files = (
				FA3C753424655BC10095EDEF /* ViewController.swift in Sources */,
				FA3C753024655BC10095EDEF /* AppDelegate.swift in Sources */,
				FA3C753224655BC10095EDEF /* SceneDelegate.swift in Sources */,
			);
			runOnlyForDeploymentPostprocessing = 0;
		};
		FA3C753E24655BC70095EDEF /* Sources */ = {
			isa = PBXSourcesBuildPhase;
			buildActionMask = 2147483647;
			files = (
				FA3C754724655BC80095EDEF /* CustomCameraTests.swift in Sources */,
			);
			runOnlyForDeploymentPostprocessing = 0;
		};
		FA3C754924655BC80095EDEF /* Sources */ = {
			isa = PBXSourcesBuildPhase;
			buildActionMask = 2147483647;
			files = (
				FA3C755224655BC80095EDEF /* CustomCameraUITests.swift in Sources */,
			);
			runOnlyForDeploymentPostprocessing = 0;
		};
/* End PBXSourcesBuildPhase section */

/* Begin PBXTargetDependency section */
		FA3C754424655BC70095EDEF /* PBXTargetDependency */ = {
			isa = PBXTargetDependency;
			target = FA3C752B24655BC10095EDEF /* CustomCamera */;
			targetProxy = FA3C754324655BC70095EDEF /* PBXContainerItemProxy */;
		};
		FA3C754F24655BC80095EDEF /* PBXTargetDependency */ = {
			isa = PBXTargetDependency;
			target = FA3C752B24655BC10095EDEF /* CustomCamera */;
			targetProxy = FA3C754E24655BC80095EDEF /* PBXContainerItemProxy */;
		};
/* End PBXTargetDependency section */

/* Begin PBXVariantGroup section */
		FA3C753524655BC10095EDEF /* Main.storyboard */ = {
			isa = PBXVariantGroup;
			children = (
				FA3C753624655BC10095EDEF /* Base */,
			);
			name = Main.storyboard;
			sourceTree = "<group>";
		};
		FA3C753A24655BC70095EDEF /* LaunchScreen.storyboard */ = {
			isa = PBXVariantGroup;
			children = (
				FA3C753B24655BC70095EDEF /* Base */,
			);
			name = LaunchScreen.storyboard;
			sourceTree = "<group>";
		};
/* End PBXVariantGroup section */

/* Begin XCBuildConfiguration section */
		FA3C755424655BC80095EDEF /* Debug */ = {
			isa = XCBuildConfiguration;
			buildSettings = {
				ALWAYS_SEARCH_USER_PATHS = NO;
				CLANG_ANALYZER_NONNULL = YES;
				CLANG_ANALYZER_NUMBER_OBJECT_CONVERSION = YES_AGGRESSIVE;
				CLANG_CXX_LANGUAGE_STANDARD = "gnu++14";
				CLANG_CXX_LIBRARY = "libc++";
				CLANG_ENABLE_MODULES = YES;
				CLANG_ENABLE_OBJC_ARC = YES;
				CLANG_ENABLE_OBJC_WEAK = YES;
				CLANG_WARN_BLOCK_CAPTURE_AUTORELEASING = YES;
				CLANG_WARN_BOOL_CONVERSION = YES;
				CLANG_WARN_COMMA = YES;
				CLANG_WARN_CONSTANT_CONVERSION = YES;
				CLANG_WARN_DEPRECATED_OBJC_IMPLEMENTATIONS = YES;
				CLANG_WARN_DIRECT_OBJC_ISA_USAGE = YES_ERROR;
				CLANG_WARN_DOCUMENTATION_COMMENTS = YES;
				CLANG_WARN_EMPTY_BODY = YES;
				CLANG_WARN_ENUM_CONVERSION = YES;
				CLANG_WARN_INFINITE_RECURSION = YES;
				CLANG_WARN_INT_CONVERSION = YES;
				CLANG_WARN_NON_LITERAL_NULL_CONVERSION = YES;
				CLANG_WARN_OBJC_IMPLICIT_RETAIN_SELF = YES;
				CLANG_WARN_OBJC_LITERAL_CONVERSION = YES;
				CLANG_WARN_OBJC_ROOT_CLASS = YES_ERROR;
				CLANG_WARN_RANGE_LOOP_ANALYSIS = YES;
				CLANG_WARN_STRICT_PROTOTYPES = YES;
				CLANG_WARN_SUSPICIOUS_MOVE = YES;
				CLANG_WARN_UNGUARDED_AVAILABILITY = YES_AGGRESSIVE;
				CLANG_WARN_UNREACHABLE_CODE = YES;
				CLANG_WARN__DUPLICATE_METHOD_MATCH = YES;
				COPY_PHASE_STRIP = NO;
				DEBUG_INFORMATION_FORMAT = dwarf;
				ENABLE_STRICT_OBJC_MSGSEND = YES;
				ENABLE_TESTABILITY = YES;
				GCC_C_LANGUAGE_STANDARD = gnu11;
				GCC_DYNAMIC_NO_PIC = NO;
				GCC_NO_COMMON_BLOCKS = YES;
				GCC_OPTIMIZATION_LEVEL = 0;
				GCC_PREPROCESSOR_DEFINITIONS = (
					"DEBUG=1",
					"$(inherited)",
				);
				GCC_WARN_64_TO_32_BIT_CONVERSION = YES;
				GCC_WARN_ABOUT_RETURN_TYPE = YES_ERROR;
				GCC_WARN_UNDECLARED_SELECTOR = YES;
				GCC_WARN_UNINITIALIZED_AUTOS = YES_AGGRESSIVE;
				GCC_WARN_UNUSED_FUNCTION = YES;
				GCC_WARN_UNUSED_VARIABLE = YES;
				IPHONEOS_DEPLOYMENT_TARGET = 13.4;
				MTL_ENABLE_DEBUG_INFO = INCLUDE_SOURCE;
				MTL_FAST_MATH = YES;
				ONLY_ACTIVE_ARCH = YES;
				SDKROOT = iphoneos;
				SWIFT_ACTIVE_COMPILATION_CONDITIONS = DEBUG;
				SWIFT_OPTIMIZATION_LEVEL = "-Onone";
			};
			name = Debug;
		};
		FA3C755524655BC80095EDEF /* Release */ = {
			isa = XCBuildConfiguration;
			buildSettings = {
				ALWAYS_SEARCH_USER_PATHS = NO;
				CLANG_ANALYZER_NONNULL = YES;
				CLANG_ANALYZER_NUMBER_OBJECT_CONVERSION = YES_AGGRESSIVE;
				CLANG_CXX_LANGUAGE_STANDARD = "gnu++14";
				CLANG_CXX_LIBRARY = "libc++";
				CLANG_ENABLE_MODULES = YES;
				CLANG_ENABLE_OBJC_ARC = YES;
				CLANG_ENABLE_OBJC_WEAK = YES;
				CLANG_WARN_BLOCK_CAPTURE_AUTORELEASING = YES;
				CLANG_WARN_BOOL_CONVERSION = YES;
				CLANG_WARN_COMMA = YES;
				CLANG_WARN_CONSTANT_CONVERSION = YES;
				CLANG_WARN_DEPRECATED_OBJC_IMPLEMENTATIONS = YES;
				CLANG_WARN_DIRECT_OBJC_ISA_USAGE = YES_ERROR;
				CLANG_WARN_DOCUMENTATION_COMMENTS = YES;
				CLANG_WARN_EMPTY_BODY = YES;
				CLANG_WARN_ENUM_CONVERSION = YES;
				CLANG_WARN_INFINITE_RECURSION = YES;
				CLANG_WARN_INT_CONVERSION = YES;
				CLANG_WARN_NON_LITERAL_NULL_CONVERSION = YES;
				CLANG_WARN_OBJC_IMPLICIT_RETAIN_SELF = YES;
				CLANG_WARN_OBJC_LITERAL_CONVERSION = YES;
				CLANG_WARN_OBJC_ROOT_CLASS = YES_ERROR;
				CLANG_WARN_RANGE_LOOP_ANALYSIS = YES;
				CLANG_WARN_STRICT_PROTOTYPES = YES;
				CLANG_WARN_SUSPICIOUS_MOVE = YES;
				CLANG_WARN_UNGUARDED_AVAILABILITY = YES_AGGRESSIVE;
				CLANG_WARN_UNREACHABLE_CODE = YES;
				CLANG_WARN__DUPLICATE_METHOD_MATCH = YES;
				COPY_PHASE_STRIP = NO;
				DEBUG_INFORMATION_FORMAT = "dwarf-with-dsym";
				ENABLE_NS_ASSERTIONS = NO;
				ENABLE_STRICT_OBJC_MSGSEND = YES;
				GCC_C_LANGUAGE_STANDARD = gnu11;
				GCC_NO_COMMON_BLOCKS = YES;
				GCC_WARN_64_TO_32_BIT_CONVERSION = YES;
				GCC_WARN_ABOUT_RETURN_TYPE = YES_ERROR;
				GCC_WARN_UNDECLARED_SELECTOR = YES;
				GCC_WARN_UNINITIALIZED_AUTOS = YES_AGGRESSIVE;
				GCC_WARN_UNUSED_FUNCTION = YES;
				GCC_WARN_UNUSED_VARIABLE = YES;
				IPHONEOS_DEPLOYMENT_TARGET = 13.4;
				MTL_ENABLE_DEBUG_INFO = NO;
				MTL_FAST_MATH = YES;
				SDKROOT = iphoneos;
				SWIFT_COMPILATION_MODE = wholemodule;
				SWIFT_OPTIMIZATION_LEVEL = "-O";
				VALIDATE_PRODUCT = YES;
			};
			name = Release;
		};
		FA3C755724655BC80095EDEF /* Debug */ = {
			isa = XCBuildConfiguration;
			buildSettings = {
				ASSETCATALOG_COMPILER_APPICON_NAME = AppIcon;
				CODE_SIGN_STYLE = Automatic;
				DEVELOPMENT_TEAM = F6WQJMLN73;
				INFOPLIST_FILE = CustomCamera/Info.plist;
				LD_RUNPATH_SEARCH_PATHS = (
					"$(inherited)",
					"@executable_path/Frameworks",
				);
				PRODUCT_BUNDLE_IDENTIFIER = Innovent.CustomCamera;
				PRODUCT_NAME = "$(TARGET_NAME)";
				SWIFT_VERSION = 5.0;
				TARGETED_DEVICE_FAMILY = "1,2";
			};
			name = Debug;
		};
		FA3C755824655BC80095EDEF /* Release */ = {
			isa = XCBuildConfiguration;
			buildSettings = {
				ASSETCATALOG_COMPILER_APPICON_NAME = AppIcon;
				CODE_SIGN_STYLE = Automatic;
				DEVELOPMENT_TEAM = F6WQJMLN73;
				INFOPLIST_FILE = CustomCamera/Info.plist;
				LD_RUNPATH_SEARCH_PATHS = (
					"$(inherited)",
					"@executable_path/Frameworks",
				);
				PRODUCT_BUNDLE_IDENTIFIER = Innovent.CustomCamera;
				PRODUCT_NAME = "$(TARGET_NAME)";
				SWIFT_VERSION = 5.0;
				TARGETED_DEVICE_FAMILY = "1,2";
			};
			name = Release;
		};
		FA3C755A24655BC80095EDEF /* Debug */ = {
			isa = XCBuildConfiguration;
			buildSettings = {
				ALWAYS_EMBED_SWIFT_STANDARD_LIBRARIES = YES;
				BUNDLE_LOADER = "$(TEST_HOST)";
				CODE_SIGN_STYLE = Automatic;
				DEVELOPMENT_TEAM = F6WQJMLN73;
				INFOPLIST_FILE = CustomCameraTests/Info.plist;
				IPHONEOS_DEPLOYMENT_TARGET = 13.4;
				LD_RUNPATH_SEARCH_PATHS = (
					"$(inherited)",
					"@executable_path/Frameworks",
					"@loader_path/Frameworks",
				);
				PRODUCT_BUNDLE_IDENTIFIER = Innovent.CustomCameraTests;
				PRODUCT_NAME = "$(TARGET_NAME)";
				SWIFT_VERSION = 5.0;
				TARGETED_DEVICE_FAMILY = "1,2";
				TEST_HOST = "$(BUILT_PRODUCTS_DIR)/CustomCamera.app/CustomCamera";
			};
			name = Debug;
		};
		FA3C755B24655BC80095EDEF /* Release */ = {
			isa = XCBuildConfiguration;
			buildSettings = {
				ALWAYS_EMBED_SWIFT_STANDARD_LIBRARIES = YES;
				BUNDLE_LOADER = "$(TEST_HOST)";
				CODE_SIGN_STYLE = Automatic;
				DEVELOPMENT_TEAM = F6WQJMLN73;
				INFOPLIST_FILE = CustomCameraTests/Info.plist;
				IPHONEOS_DEPLOYMENT_TARGET = 13.4;
				LD_RUNPATH_SEARCH_PATHS = (
					"$(inherited)",
					"@executable_path/Frameworks",
					"@loader_path/Frameworks",
				);
				PRODUCT_BUNDLE_IDENTIFIER = Innovent.CustomCameraTests;
				PRODUCT_NAME = "$(TARGET_NAME)";
				SWIFT_VERSION = 5.0;
				TARGETED_DEVICE_FAMILY = "1,2";
				TEST_HOST = "$(BUILT_PRODUCTS_DIR)/CustomCamera.app/CustomCamera";
			};
			name = Release;
		};
		FA3C755D24655BC80095EDEF /* Debug */ = {
			isa = XCBuildConfiguration;
			buildSettings = {
				ALWAYS_EMBED_SWIFT_STANDARD_LIBRARIES = YES;
				CODE_SIGN_STYLE = Automatic;
				DEVELOPMENT_TEAM = F6WQJMLN73;
				INFOPLIST_FILE = CustomCameraUITests/Info.plist;
				LD_RUNPATH_SEARCH_PATHS = (
					"$(inherited)",
					"@executable_path/Frameworks",
					"@loader_path/Frameworks",
				);
				PRODUCT_BUNDLE_IDENTIFIER = Innovent.CustomCameraUITests;
				PRODUCT_NAME = "$(TARGET_NAME)";
				SWIFT_VERSION = 5.0;
				TARGETED_DEVICE_FAMILY = "1,2";
				TEST_TARGET_NAME = CustomCamera;
			};
			name = Debug;
		};
		FA3C755E24655BC80095EDEF /* Release */ = {
			isa = XCBuildConfiguration;
			buildSettings = {
				ALWAYS_EMBED_SWIFT_STANDARD_LIBRARIES = YES;
				CODE_SIGN_STYLE = Automatic;
				DEVELOPMENT_TEAM = F6WQJMLN73;
				INFOPLIST_FILE = CustomCameraUITests/Info.plist;
				LD_RUNPATH_SEARCH_PATHS = (
					"$(inherited)",
					"@executable_path/Frameworks",
					"@loader_path/Frameworks",
				);
				PRODUCT_BUNDLE_IDENTIFIER = Innovent.CustomCameraUITests;
				PRODUCT_NAME = "$(TARGET_NAME)";
				SWIFT_VERSION = 5.0;
				TARGETED_DEVICE_FAMILY = "1,2";
				TEST_TARGET_NAME = CustomCamera;
			};
			name = Release;
		};
/* End XCBuildConfiguration section */

/* Begin XCConfigurationList section */
		FA3C752724655BC00095EDEF /* Build configuration list for PBXProject "CustomCamera" */ = {
			isa = XCConfigurationList;
			buildConfigurations = (
				FA3C755424655BC80095EDEF /* Debug */,
				FA3C755524655BC80095EDEF /* Release */,
			);
			defaultConfigurationIsVisible = 0;
			defaultConfigurationName = Release;
		};
		FA3C755624655BC80095EDEF /* Build configuration list for PBXNativeTarget "CustomCamera" */ = {
			isa = XCConfigurationList;
			buildConfigurations = (
				FA3C755724655BC80095EDEF /* Debug */,
				FA3C755824655BC80095EDEF /* Release */,
			);
			defaultConfigurationIsVisible = 0;
			defaultConfigurationName = Release;
		};
		FA3C755924655BC80095EDEF /* Build configuration list for PBXNativeTarget "CustomCameraTests" */ = {
			isa = XCConfigurationList;
			buildConfigurations = (
				FA3C755A24655BC80095EDEF /* Debug */,
				FA3C755B24655BC80095EDEF /* Release */,
			);
			defaultConfigurationIsVisible = 0;
			defaultConfigurationName = Release;
		};
		FA3C755C24655BC80095EDEF /* Build configuration list for PBXNativeTarget "CustomCameraUITests" */ = {
			isa = XCConfigurationList;
			buildConfigurations = (
				FA3C755D24655BC80095EDEF /* Debug */,
				FA3C755E24655BC80095EDEF /* Release */,
			);
			defaultConfigurationIsVisible = 0;
			defaultConfigurationName = Release;
		};
/* End XCConfigurationList section */
	};
	rootObject = FA3C752424655BC00095EDEF /* Project object */;
}
